
Microsoft Visual Studio Solution File, Format Version 12.00
# Visual Studio Version 17
VisualStudioVersion = 17.8.34525.116
MinimumVisualStudioVersion = 10.0.40219.1
Project("{FAE04EC0-301F-11D3-BF4B-00C04F79EFBC}") = "WhimsyBackend", "WhimsyBackend\WhimsyBackend.csproj", "{CAB6CC82-0383-4597-B77C-3318E5961718}"
EndProject
Global
	GlobalSection(SolutionConfigurationPlatforms) = preSolution
		Debug|Any CPU = Debug|Any CPU
		Release|Any CPU = Release|Any CPU
	EndGlobalSection
	GlobalSection(ProjectConfigurationPlatforms) = postSolution
		{CAB6CC82-0383-4597-B77C-3318E5961718}.Debug|Any CPU.ActiveCfg = Debug|Any CPU
		{CAB6CC82-0383-4597-B77C-3318E5961718}.Debug|Any CPU.Build.0 = Debug|Any CPU
		{CAB6CC82-0383-4597-B77C-3318E5961718}.Release|Any CPU.ActiveCfg = Release|Any CPU
		{CAB6CC82-0383-4597-B77C-3318E5961718}.Release|Any CPU.Build.0 = Release|Any CPU
	EndGlobalSection
	GlobalSection(SolutionProperties) = preSolution
		HideSolutionNode = FALSE
	EndGlobalSection
	GlobalSection(ExtensibilityGlobals) = postSolution
		SolutionGuid = {C99F32F9-2E54-45E4-945E-25C3D7C52439}
	EndGlobalSection
EndGlobal
